
Microsoft Visual Studio Solution File, Format Version 12.00
# Visual Studio Version 16
VisualStudioVersion = 16.0.31702.278
MinimumVisualStudioVersion = 10.0.40219.1
Project("{8BC9CEB8-8B4A-11D0-8D11-00A0C91BC942}") = "RandomNumbers", "RandomNumbers.vcxproj", "{70F24B7B-B184-499C-8FBB-30799D033591}"
EndProject
Global
	GlobalSection(SolutionConfigurationPlatforms) = preSolution
		Debug|x64 = Debug|x64
		Debug|x86 = Debug|x86
		Release|x64 = Release|x64
		Release|x86 = Release|x86
	EndGlobalSection
	GlobalSection(ProjectConfigurationPlatforms) = postSolution
		{70F24B7B-B184-499C-8FBB-30799D033591}.Debug|x64.ActiveCfg = Debug|x64
		{70F24B7B-B184-499C-8FBB-30799D033591}.Debug|x64.Build.0 = Debug|x64
		{70F24B7B-B184-499C-8FBB-30799D033591}.Debug|x86.ActiveCfg = Debug|Win32
		{70F24B7B-B184-499C-8FBB-30799D033591}.Debug|x86.Build.0 = Debug|Win32
		{70F24B7B-B184-499C-8FBB-30799D033591}.Release|x64.ActiveCfg = Release|x64
		{70F24B7B-B184-499C-8FBB-30799D033591}.Release|x64.Build.0 = Release|x64
		{70F24B7B-B184-499C-8FBB-30799D033591}.Release|x86.ActiveCfg = Release|Win32
		{70F24B7B-B184-499C-8FBB-30799D033591}.Release|x86.Build.0 = Release|Win32
	EndGlobalSection
	GlobalSection(SolutionProperties) = preSolution
		HideSolutionNode = FALSE
	EndGlobalSection
	GlobalSection(ExtensibilityGlobals) = postSolution
		SolutionGuid = {19DB671B-DF76-4704-98E0-736CC0488C61}
	EndGlobalSection
EndGlobal
